// !$*UTF8*$!
{
	archiveVersion = 1;
	classes = {
	};
	objectVersion = 46;
	objects = {

/* Begin PBXBuildFile section */
		002719211ACF34B700749C2B /* FavoriteCounterSpec.swift in Sources */ = {isa = PBXBuildFile; fileRef = 002719201ACF34B700749C2B /* FavoriteCounterSpec.swift */; };
		002719231ACF352B00749C2B /* FavoriteCounter.swift in Sources */ = {isa = PBXBuildFile; fileRef = 002719221ACF352B00749C2B /* FavoriteCounter.swift */; };
		002719251ACF3AF300749C2B /* FavoriteCounterProtocol.swift in Sources */ = {isa = PBXBuildFile; fileRef = 002719241ACF3AF300749C2B /* FavoriteCounterProtocol.swift */; };
		006C10DF1ACEE10500DD0C19 /* AppDelegate.swift in Sources */ = {isa = PBXBuildFile; fileRef = 006C10DE1ACEE10500DD0C19 /* AppDelegate.swift */; };
		006C10E11ACEE10500DD0C19 /* ViewController.swift in Sources */ = {isa = PBXBuildFile; fileRef = 006C10E01ACEE10500DD0C19 /* ViewController.swift */; };
		006C10E31ACEE10500DD0C19 /* Images.xcassets in Resources */ = {isa = PBXBuildFile; fileRef = 006C10E21ACEE10500DD0C19 /* Images.xcassets */; };
		006C10E61ACEE10500DD0C19 /* Main.storyboard in Resources */ = {isa = PBXBuildFile; fileRef = 006C10E41ACEE10500DD0C19 /* Main.storyboard */; };
		006C10FF1ACEF9F800DD0C19 /* Nimble.framework in Frameworks */ = {isa = PBXBuildFile; fileRef = 006C10FD1ACEF9F800DD0C19 /* Nimble.framework */; };
		006C11001ACEF9F800DD0C19 /* Quick.framework in Frameworks */ = {isa = PBXBuildFile; fileRef = 006C10FE1ACEF9F800DD0C19 /* Quick.framework */; };
		00A495881ACEFA8D00DD4F8F /* ResponderSpec.swift in Sources */ = {isa = PBXBuildFile; fileRef = 00A495871ACEFA8D00DD4F8F /* ResponderSpec.swift */; };
		00A4958B1ACEFC4C00DD4F8F /* Nimble.framework in CopyFiles */ = {isa = PBXBuildFile; fileRef = 006C10FD1ACEF9F800DD0C19 /* Nimble.framework */; settings = {ATTRIBUTES = (CodeSignOnCopy, RemoveHeadersOnCopy, ); }; };
		00A4958C1ACEFC4C00DD4F8F /* Quick.framework in CopyFiles */ = {isa = PBXBuildFile; fileRef = 006C10FE1ACEF9F800DD0C19 /* Quick.framework */; settings = {ATTRIBUTES = (CodeSignOnCopy, RemoveHeadersOnCopy, ); }; };
		00E678C71ACF0B4E002EF6EA /* TwitterSpec.swift in Sources */ = {isa = PBXBuildFile; fileRef = 00E678C61ACF0B4E002EF6EA /* TwitterSpec.swift */; };
		00E678C91ACF0B99002EF6EA /* User.swift in Sources */ = {isa = PBXBuildFile; fileRef = 00E678C81ACF0B99002EF6EA /* User.swift */; };
		00E678CB1ACF1081002EF6EA /* Twitter.swift in Sources */ = {isa = PBXBuildFile; fileRef = 00E678CA1ACF1081002EF6EA /* Twitter.swift */; };
/* End PBXBuildFile section */

/* Begin PBXContainerItemProxy section */
		006C10EC1ACEE10500DD0C19 /* PBXContainerItemProxy */ = {
			isa = PBXContainerItemProxy;
			containerPortal = 006C10D11ACEE10500DD0C19 /* Project object */;
			proxyType = 1;
			remoteGlobalIDString = 006C10D81ACEE10500DD0C19;
			remoteInfo = Shriek;
		};
/* End PBXContainerItemProxy section */

/* Begin PBXCopyFilesBuildPhase section */
		00A4958A1ACEFC4300DD4F8F /* CopyFiles */ = {
			isa = PBXCopyFilesBuildPhase;
			buildActionMask = 2147483647;
			dstPath = "";
			dstSubfolderSpec = 10;
			files = (
				00A4958B1ACEFC4C00DD4F8F /* Nimble.framework in CopyFiles */,
				00A4958C1ACEFC4C00DD4F8F /* Quick.framework in CopyFiles */,
			);
			runOnlyForDeploymentPostprocessing = 0;
		};
/* End PBXCopyFilesBuildPhase section */

/* Begin PBXFileReference section */
		002719201ACF34B700749C2B /* FavoriteCounterSpec.swift */ = {isa = PBXFileReference; fileEncoding = 4; lastKnownFileType = sourcecode.swift; path = FavoriteCounterSpec.swift; sourceTree = "<group>"; };
		002719221ACF352B00749C2B /* FavoriteCounter.swift */ = {isa = PBXFileReference; fileEncoding = 4; lastKnownFileType = sourcecode.swift; path = FavoriteCounter.swift; sourceTree = "<group>"; };
		002719241ACF3AF300749C2B /* FavoriteCounterProtocol.swift */ = {isa = PBXFileReference; fileEncoding = 4; lastKnownFileType = sourcecode.swift; path = FavoriteCounterProtocol.swift; sourceTree = "<group>"; };
		006C10D91ACEE10500DD0C19 /* Shriek.app */ = {isa = PBXFileReference; explicitFileType = wrapper.application; includeInIndex = 0; path = Shriek.app; sourceTree = BUILT_PRODUCTS_DIR; };
		006C10DD1ACEE10500DD0C19 /* Info.plist */ = {isa = PBXFileReference; lastKnownFileType = text.plist.xml; path = Info.plist; sourceTree = "<group>"; };
		006C10DE1ACEE10500DD0C19 /* AppDelegate.swift */ = {isa = PBXFileReference; lastKnownFileType = sourcecode.swift; path = AppDelegate.swift; sourceTree = "<group>"; };
		006C10E01ACEE10500DD0C19 /* ViewController.swift */ = {isa = PBXFileReference; lastKnownFileType = sourcecode.swift; path = ViewController.swift; sourceTree = "<group>"; };
		006C10E21ACEE10500DD0C19 /* Images.xcassets */ = {isa = PBXFileReference; lastKnownFileType = folder.assetcatalog; path = Images.xcassets; sourceTree = "<group>"; };
		006C10E51ACEE10500DD0C19 /* Base */ = {isa = PBXFileReference; lastKnownFileType = file.storyboard; name = Base; path = Base.lproj/Main.storyboard; sourceTree = "<group>"; };
		006C10EB1ACEE10500DD0C19 /* ShriekTests.xctest */ = {isa = PBXFileReference; explicitFileType = wrapper.cfbundle; includeInIndex = 0; path = ShriekTests.xctest; sourceTree = BUILT_PRODUCTS_DIR; };
		006C10F01ACEE10500DD0C19 /* Info.plist */ = {isa = PBXFileReference; lastKnownFileType = text.plist.xml; path = Info.plist; sourceTree = "<group>"; };
		006C10FD1ACEF9F800DD0C19 /* Nimble.framework */ = {isa = PBXFileReference; lastKnownFileType = wrapper.framework; name = Nimble.framework; path = Carthage/Build/Mac/Nimble.framework; sourceTree = SOURCE_ROOT; };
		006C10FE1ACEF9F800DD0C19 /* Quick.framework */ = {isa = PBXFileReference; lastKnownFileType = wrapper.framework; name = Quick.framework; path = Carthage/Build/Mac/Quick.framework; sourceTree = SOURCE_ROOT; };
		00A495871ACEFA8D00DD4F8F /* ResponderSpec.swift */ = {isa = PBXFileReference; fileEncoding = 4; lastKnownFileType = sourcecode.swift; path = ResponderSpec.swift; sourceTree = "<group>"; };
		00E678C61ACF0B4E002EF6EA /* TwitterSpec.swift */ = {isa = PBXFileReference; fileEncoding = 4; lastKnownFileType = sourcecode.swift; path = TwitterSpec.swift; sourceTree = "<group>"; };
		00E678C81ACF0B99002EF6EA /* User.swift */ = {isa = PBXFileReference; fileEncoding = 4; lastKnownFileType = sourcecode.swift; path = User.swift; sourceTree = "<group>"; };
		00E678CA1ACF1081002EF6EA /* Twitter.swift */ = {isa = PBXFileReference; fileEncoding = 4; lastKnownFileType = sourcecode.swift; path = Twitter.swift; sourceTree = "<group>"; };
/* End PBXFileReference section */

/* Begin PBXFrameworksBuildPhase section */
		006C10D61ACEE10500DD0C19 /* Frameworks */ = {
			isa = PBXFrameworksBuildPhase;
			buildActionMask = 2147483647;
			files = (
			);
			runOnlyForDeploymentPostprocessing = 0;
		};
		006C10E81ACEE10500DD0C19 /* Frameworks */ = {
			isa = PBXFrameworksBuildPhase;
			buildActionMask = 2147483647;
			files = (
				006C11001ACEF9F800DD0C19 /* Quick.framework in Frameworks */,
				006C10FF1ACEF9F800DD0C19 /* Nimble.framework in Frameworks */,
			);
			runOnlyForDeploymentPostprocessing = 0;
		};
/* End PBXFrameworksBuildPhase section */

/* Begin PBXGroup section */
		006C10D01ACEE10500DD0C19 = {
			isa = PBXGroup;
			children = (
				006C10DB1ACEE10500DD0C19 /* Shriek */,
				006C10EE1ACEE10500DD0C19 /* ShriekTests */,
				006C10DA1ACEE10500DD0C19 /* Products */,
			);
			sourceTree = "<group>";
		};
		006C10DA1ACEE10500DD0C19 /* Products */ = {
			isa = PBXGroup;
			children = (
				006C10D91ACEE10500DD0C19 /* Shriek.app */,
				006C10EB1ACEE10500DD0C19 /* ShriekTests.xctest */,
			);
			name = Products;
			sourceTree = "<group>";
		};
		006C10DB1ACEE10500DD0C19 /* Shriek */ = {
			isa = PBXGroup;
			children = (
				006C10DE1ACEE10500DD0C19 /* AppDelegate.swift */,
				006C10E01ACEE10500DD0C19 /* ViewController.swift */,
				006C10E21ACEE10500DD0C19 /* Images.xcassets */,
				006C10E41ACEE10500DD0C19 /* Main.storyboard */,
				006C10DC1ACEE10500DD0C19 /* Supporting Files */,
				00E678CA1ACF1081002EF6EA /* Twitter.swift */,
				002719221ACF352B00749C2B /* FavoriteCounter.swift */,
				002719241ACF3AF300749C2B /* FavoriteCounterProtocol.swift */,
				00E678C81ACF0B99002EF6EA /* User.swift */,
			);
			path = Shriek;
			sourceTree = "<group>";
		};
		006C10DC1ACEE10500DD0C19 /* Supporting Files */ = {
			isa = PBXGroup;
			children = (
				006C10DD1ACEE10500DD0C19 /* Info.plist */,
			);
			name = "Supporting Files";
			sourceTree = "<group>";
		};
		006C10EE1ACEE10500DD0C19 /* ShriekTests */ = {
			isa = PBXGroup;
			children = (
				006C10FD1ACEF9F800DD0C19 /* Nimble.framework */,
				006C10FE1ACEF9F800DD0C19 /* Quick.framework */,
				006C10EF1ACEE10500DD0C19 /* Supporting Files */,
				00A495871ACEFA8D00DD4F8F /* ResponderSpec.swift */,
				00E678C61ACF0B4E002EF6EA /* TwitterSpec.swift */,
				002719201ACF34B700749C2B /* FavoriteCounterSpec.swift */,
			);
			path = ShriekTests;
			sourceTree = "<group>";
		};
		006C10EF1ACEE10500DD0C19 /* Supporting Files */ = {
			isa = PBXGroup;
			children = (
				006C10F01ACEE10500DD0C19 /* Info.plist */,
			);
			name = "Supporting Files";
			sourceTree = "<group>";
		};
/* End PBXGroup section */

/* Begin PBXNativeTarget section */
		006C10D81ACEE10500DD0C19 /* Shriek */ = {
			isa = PBXNativeTarget;
			buildConfigurationList = 006C10F51ACEE10500DD0C19 /* Build configuration list for PBXNativeTarget "Shriek" */;
			buildPhases = (
				006C10D51ACEE10500DD0C19 /* Sources */,
				006C10D61ACEE10500DD0C19 /* Frameworks */,
				006C10D71ACEE10500DD0C19 /* Resources */,
			);
			buildRules = (
			);
			dependencies = (
			);
			name = Shriek;
			productName = Shriek;
			productReference = 006C10D91ACEE10500DD0C19 /* Shriek.app */;
			productType = "com.apple.product-type.application";
		};
		006C10EA1ACEE10500DD0C19 /* ShriekTests */ = {
			isa = PBXNativeTarget;
			buildConfigurationList = 006C10F81ACEE10500DD0C19 /* Build configuration list for PBXNativeTarget "ShriekTests" */;
			buildPhases = (
				006C10E71ACEE10500DD0C19 /* Sources */,
				006C10E81ACEE10500DD0C19 /* Frameworks */,
				00A4958A1ACEFC4300DD4F8F /* CopyFiles */,
			);
			buildRules = (
			);
			dependencies = (
				006C10ED1ACEE10500DD0C19 /* PBXTargetDependency */,
			);
			name = ShriekTests;
			productName = ShriekTests;
			productReference = 006C10EB1ACEE10500DD0C19 /* ShriekTests.xctest */;
			productType = "com.apple.product-type.bundle.unit-test";
		};
/* End PBXNativeTarget section */

/* Begin PBXProject section */
		006C10D11ACEE10500DD0C19 /* Project object */ = {
			isa = PBXProject;
			attributes = {
				LastUpgradeCheck = 0620;
				ORGANIZATIONNAME = "gabebw, inc.";
				TargetAttributes = {
					006C10D81ACEE10500DD0C19 = {
						CreatedOnToolsVersion = 6.2;
					};
					006C10EA1ACEE10500DD0C19 = {
						CreatedOnToolsVersion = 6.2;
						TestTargetID = 006C10D81ACEE10500DD0C19;
					};
				};
			};
			buildConfigurationList = 006C10D41ACEE10500DD0C19 /* Build configuration list for PBXProject "Shriek" */;
			compatibilityVersion = "Xcode 3.2";
			developmentRegion = English;
			hasScannedForEncodings = 0;
			knownRegions = (
				en,
				Base,
			);
			mainGroup = 006C10D01ACEE10500DD0C19;
			productRefGroup = 006C10DA1ACEE10500DD0C19 /* Products */;
			projectDirPath = "";
			projectRoot = "";
			targets = (
				006C10D81ACEE10500DD0C19 /* Shriek */,
				006C10EA1ACEE10500DD0C19 /* ShriekTests */,
			);
		};
/* End PBXProject section */

/* Begin PBXResourcesBuildPhase section */
		006C10D71ACEE10500DD0C19 /* Resources */ = {
			isa = PBXResourcesBuildPhase;
			buildActionMask = 2147483647;
			files = (
				006C10E31ACEE10500DD0C19 /* Images.xcassets in Resources */,
				006C10E61ACEE10500DD0C19 /* Main.storyboard in Resources */,
			);
			runOnlyForDeploymentPostprocessing = 0;
		};
/* End PBXResourcesBuildPhase section */

/* Begin PBXSourcesBuildPhase section */
		006C10D51ACEE10500DD0C19 /* Sources */ = {
			isa = PBXSourcesBuildPhase;
			buildActionMask = 2147483647;
			files = (
				002719231ACF352B00749C2B /* FavoriteCounter.swift in Sources */,
				00E678C91ACF0B99002EF6EA /* User.swift in Sources */,
				002719251ACF3AF300749C2B /* FavoriteCounterProtocol.swift in Sources */,
				006C10E11ACEE10500DD0C19 /* ViewController.swift in Sources */,
				00E678CB1ACF1081002EF6EA /* Twitter.swift in Sources */,
				006C10DF1ACEE10500DD0C19 /* AppDelegate.swift in Sources */,
			);
			runOnlyForDeploymentPostprocessing = 0;
		};
		006C10E71ACEE10500DD0C19 /* Sources */ = {
			isa = PBXSourcesBuildPhase;
			buildActionMask = 2147483647;
			files = (
				00A495881ACEFA8D00DD4F8F /* ResponderSpec.swift in Sources */,
				00E678C71ACF0B4E002EF6EA /* TwitterSpec.swift in Sources */,
				002719211ACF34B700749C2B /* FavoriteCounterSpec.swift in Sources */,
			);
			runOnlyForDeploymentPostprocessing = 0;
		};
/* End PBXSourcesBuildPhase section */

/* Begin PBXTargetDependency section */
		006C10ED1ACEE10500DD0C19 /* PBXTargetDependency */ = {
			isa = PBXTargetDependency;
			target = 006C10D81ACEE10500DD0C19 /* Shriek */;
			targetProxy = 006C10EC1ACEE10500DD0C19 /* PBXContainerItemProxy */;
		};
/* End PBXTargetDependency section */

/* Begin PBXVariantGroup section */
		006C10E41ACEE10500DD0C19 /* Main.storyboard */ = {
			isa = PBXVariantGroup;
			children = (
				006C10E51ACEE10500DD0C19 /* Base */,
			);
			name = Main.storyboard;
			sourceTree = "<group>";
		};
/* End PBXVariantGroup section */

/* Begin XCBuildConfiguration section */
		006C10F31ACEE10500DD0C19 /* Debug */ = {
			isa = XCBuildConfiguration;
			buildSettings = {
				ALWAYS_SEARCH_USER_PATHS = NO;
				CLANG_CXX_LANGUAGE_STANDARD = "gnu++0x";
				CLANG_CXX_LIBRARY = "libc++";
				CLANG_ENABLE_MODULES = YES;
				CLANG_ENABLE_OBJC_ARC = YES;
				CLANG_WARN_BOOL_CONVERSION = YES;
				CLANG_WARN_CONSTANT_CONVERSION = YES;
				CLANG_WARN_DIRECT_OBJC_ISA_USAGE = YES_ERROR;
				CLANG_WARN_EMPTY_BODY = YES;
				CLANG_WARN_ENUM_CONVERSION = YES;
				CLANG_WARN_INT_CONVERSION = YES;
				CLANG_WARN_OBJC_ROOT_CLASS = YES_ERROR;
				CLANG_WARN_UNREACHABLE_CODE = YES;
				CLANG_WARN__DUPLICATE_METHOD_MATCH = YES;
				CODE_SIGN_IDENTITY = "-";
				COPY_PHASE_STRIP = NO;
				ENABLE_STRICT_OBJC_MSGSEND = YES;
				GCC_C_LANGUAGE_STANDARD = gnu99;
				GCC_DYNAMIC_NO_PIC = NO;
				GCC_OPTIMIZATION_LEVEL = 0;
				GCC_PREPROCESSOR_DEFINITIONS = (
					"DEBUG=1",
					"$(inherited)",
				);
				GCC_SYMBOLS_PRIVATE_EXTERN = NO;
				GCC_WARN_64_TO_32_BIT_CONVERSION = YES;
				GCC_WARN_ABOUT_RETURN_TYPE = YES_ERROR;
				GCC_WARN_UNDECLARED_SELECTOR = YES;
				GCC_WARN_UNINITIALIZED_AUTOS = YES_AGGRESSIVE;
				GCC_WARN_UNUSED_FUNCTION = YES;
				GCC_WARN_UNUSED_VARIABLE = YES;
				MACOSX_DEPLOYMENT_TARGET = 10.10;
				MTL_ENABLE_DEBUG_INFO = YES;
				ONLY_ACTIVE_ARCH = YES;
				SDKROOT = macosx;
				SWIFT_OPTIMIZATION_LEVEL = "-Onone";
			};
			name = Debug;
		};
		006C10F41ACEE10500DD0C19 /* Release */ = {
			isa = XCBuildConfiguration;
			buildSettings = {
				ALWAYS_SEARCH_USER_PATHS = NO;
				CLANG_CXX_LANGUAGE_STANDARD = "gnu++0x";
				CLANG_CXX_LIBRARY = "libc++";
				CLANG_ENABLE_MODULES = YES;
				CLANG_ENABLE_OBJC_ARC = YES;
				CLANG_WARN_BOOL_CONVERSION = YES;
				CLANG_WARN_CONSTANT_CONVERSION = YES;
				CLANG_WARN_DIRECT_OBJC_ISA_USAGE = YES_ERROR;
				CLANG_WARN_EMPTY_BODY = YES;
				CLANG_WARN_ENUM_CONVERSION = YES;
				CLANG_WARN_INT_CONVERSION = YES;
				CLANG_WARN_OBJC_ROOT_CLASS = YES_ERROR;
				CLANG_WARN_UNREACHABLE_CODE = YES;
				CLANG_WARN__DUPLICATE_METHOD_MATCH = YES;
				CODE_SIGN_IDENTITY = "-";
				COPY_PHASE_STRIP = NO;
				DEBUG_INFORMATION_FORMAT = "dwarf-with-dsym";
				ENABLE_NS_ASSERTIONS = NO;
				ENABLE_STRICT_OBJC_MSGSEND = YES;
				GCC_C_LANGUAGE_STANDARD = gnu99;
				GCC_WARN_64_TO_32_BIT_CONVERSION = YES;
				GCC_WARN_ABOUT_RETURN_TYPE = YES_ERROR;
				GCC_WARN_UNDECLARED_SELECTOR = YES;
				GCC_WARN_UNINITIALIZED_AUTOS = YES_AGGRESSIVE;
				GCC_WARN_UNUSED_FUNCTION = YES;
				GCC_WARN_UNUSED_VARIABLE = YES;
				MACOSX_DEPLOYMENT_TARGET = 10.10;
				MTL_ENABLE_DEBUG_INFO = NO;
				SDKROOT = macosx;
			};
			name = Release;
		};
		006C10F61ACEE10500DD0C19 /* Debug */ = {
			isa = XCBuildConfiguration;
			buildSettings = {
				ASSETCATALOG_COMPILER_APPICON_NAME = AppIcon;
				COMBINE_HIDPI_IMAGES = YES;
				INFOPLIST_FILE = Shriek/Info.plist;
				LD_RUNPATH_SEARCH_PATHS = "$(inherited) @executable_path/../Frameworks";
				PRODUCT_NAME = "$(TARGET_NAME)";
			};
			name = Debug;
		};
		006C10F71ACEE10500DD0C19 /* Release */ = {
			isa = XCBuildConfiguration;
			buildSettings = {
				ASSETCATALOG_COMPILER_APPICON_NAME = AppIcon;
				COMBINE_HIDPI_IMAGES = YES;
				INFOPLIST_FILE = Shriek/Info.plist;
				LD_RUNPATH_SEARCH_PATHS = "$(inherited) @executable_path/../Frameworks";
				PRODUCT_NAME = "$(TARGET_NAME)";
			};
			name = Release;
		};
		006C10F91ACEE10500DD0C19 /* Debug */ = {
			isa = XCBuildConfiguration;
			buildSettings = {
				BUNDLE_LOADER = "$(TEST_HOST)";
				CLANG_ENABLE_MODULES = YES;
				COMBINE_HIDPI_IMAGES = YES;
				FRAMEWORK_SEARCH_PATHS = (
					"$(DEVELOPER_FRAMEWORKS_DIR)",
					"$(inherited)",
					"$(PROJECT_DIR)/Carthage/Build/Mac",
				);
				GCC_PREPROCESSOR_DEFINITIONS = (
					"DEBUG=1",
					"$(inherited)",
				);
				INFOPLIST_FILE = ShriekTests/Info.plist;
				LD_RUNPATH_SEARCH_PATHS = "$(inherited) @executable_path/../Frameworks @loader_path/../Frameworks";
				PRODUCT_NAME = "$(TARGET_NAME)";
				SWIFT_OPTIMIZATION_LEVEL = "-Onone";
				TEST_HOST = "$(BUILT_PRODUCTS_DIR)/Shriek.app/Contents/MacOS/Shriek";
			};
			name = Debug;
		};
		006C10FA1ACEE10500DD0C19 /* Release */ = {
			isa = XCBuildConfiguration;
			buildSettings = {
				BUNDLE_LOADER = "$(TEST_HOST)";
				CLANG_ENABLE_MODULES = YES;
				COMBINE_HIDPI_IMAGES = YES;
				FRAMEWORK_SEARCH_PATHS = (
					"$(DEVELOPER_FRAMEWORKS_DIR)",
					"$(inherited)",
					"$(PROJECT_DIR)/Carthage/Build/Mac",
				);
				INFOPLIST_FILE = ShriekTests/Info.plist;
				LD_RUNPATH_SEARCH_PATHS = "$(inherited) @executable_path/../Frameworks @loader_path/../Frameworks";
				PRODUCT_NAME = "$(TARGET_NAME)";
				TEST_HOST = "$(BUILT_PRODUCTS_DIR)/Shriek.app/Contents/MacOS/Shriek";
			};
			name = Release;
		};
/* End XCBuildConfiguration section */

/* Begin XCConfigurationList section */
		006C10D41ACEE10500DD0C19 /* Build configuration list for PBXProject "Shriek" */ = {
			isa = XCConfigurationList;
			buildConfigurations = (
				006C10F31ACEE10500DD0C19 /* Debug */,
				006C10F41ACEE10500DD0C19 /* Release */,
			);
			defaultConfigurationIsVisible = 0;
			defaultConfigurationName = Release;
		};
		006C10F51ACEE10500DD0C19 /* Build configuration list for PBXNativeTarget "Shriek" */ = {
			isa = XCConfigurationList;
			buildConfigurations = (
				006C10F61ACEE10500DD0C19 /* Debug */,
				006C10F71ACEE10500DD0C19 /* Release */,
			);
			defaultConfigurationIsVisible = 0;
			defaultConfigurationName = Release;
		};
		006C10F81ACEE10500DD0C19 /* Build configuration list for PBXNativeTarget "ShriekTests" */ = {
			isa = XCConfigurationList;
			buildConfigurations = (
				006C10F91ACEE10500DD0C19 /* Debug */,
				006C10FA1ACEE10500DD0C19 /* Release */,
			);
			defaultConfigurationIsVisible = 0;
			defaultConfigurationName = Release;
		};
/* End XCConfigurationList section */
	};
	rootObject = 006C10D11ACEE10500DD0C19 /* Project object */;
}
